
Microsoft Visual Studio Solution File, Format Version 12.00
# Visual Studio Version 16
VisualStudioVersion = 16.0.33529.622
MinimumVisualStudioVersion = 10.0.40219.1
Project("{9092AA53-FB77-4645-B42D-1CCCA6BD08BD}") = "Eureka", "Eureka\Eureka.njsproj", "{F1D04D97-AF60-43E4-B9B5-575CEE63F112}"
EndProject
Global
	GlobalSection(SolutionConfigurationPlatforms) = preSolution
		Debug|Any CPU = Debug|Any CPU
		Release|Any CPU = Release|Any CPU
	EndGlobalSection
	GlobalSection(ProjectConfigurationPlatforms) = postSolution
		{F1D04D97-AF60-43E4-B9B5-575CEE63F112}.Debug|Any CPU.ActiveCfg = Debug|Any CPU
		{F1D04D97-AF60-43E4-B9B5-575CEE63F112}.Debug|Any CPU.Build.0 = Debug|Any CPU
		{F1D04D97-AF60-43E4-B9B5-575CEE63F112}.Release|Any CPU.ActiveCfg = Release|Any CPU
		{F1D04D97-AF60-43E4-B9B5-575CEE63F112}.Release|Any CPU.Build.0 = Release|Any CPU
	EndGlobalSection
	GlobalSection(SolutionProperties) = preSolution
		HideSolutionNode = FALSE
	EndGlobalSection
	GlobalSection(ExtensibilityGlobals) = postSolution
		SolutionGuid = {4CC6E1C8-BC16-4CF8-A720-BB09A3B6D047}
	EndGlobalSection
EndGlobal
